
Microsoft Visual Studio Solution File, Format Version 12.00
# Visual Studio Version 17
VisualStudioVersion = 17.1.32414.318
MinimumVisualStudioVersion = 10.0.40219.1
Project("{FAE04EC0-301F-11D3-BF4B-00C04F79EFBC}") = "RepoBrowser", "RepoBrowser\RepoBrowser.csproj", "{75716406-14A6-443C-B295-FB88A72F0BD6}"
EndProject
Global
	GlobalSection(SolutionConfigurationPlatforms) = preSolution
		Debug|Any CPU = Debug|Any CPU
		Release|Any CPU = Release|Any CPU
	EndGlobalSection
	GlobalSection(ProjectConfigurationPlatforms) = postSolution
		{75716406-14A6-443C-B295-FB88A72F0BD6}.Debug|Any CPU.ActiveCfg = Debug|Any CPU
		{75716406-14A6-443C-B295-FB88A72F0BD6}.Debug|Any CPU.Build.0 = Debug|Any CPU
		{75716406-14A6-443C-B295-FB88A72F0BD6}.Release|Any CPU.ActiveCfg = Release|Any CPU
		{75716406-14A6-443C-B295-FB88A72F0BD6}.Release|Any CPU.Build.0 = Release|Any CPU
	EndGlobalSection
	GlobalSection(SolutionProperties) = preSolution
		HideSolutionNode = FALSE
	EndGlobalSection
	GlobalSection(ExtensibilityGlobals) = postSolution
		SolutionGuid = {40F121A9-A5E3-418C-9923-B9B902E81F3F}
	EndGlobalSection
EndGlobal
